
Microsoft Visual Studio Solution File, Format Version 12.00
# Visual Studio Version 17
VisualStudioVersion = 17.6.33723.286
MinimumVisualStudioVersion = 10.0.40219.1
Project("{FAE04EC0-301F-11D3-BF4B-00C04F79EFBC}") = "MovieApplication", "MovieApplication\MovieApplication.csproj", "{385750A2-8EBC-44B0-9E0E-AA56B95C14FF}"
EndProject
Global
	GlobalSection(SolutionConfigurationPlatforms) = preSolution
		Debug|Any CPU = Debug|Any CPU
		Release|Any CPU = Release|Any CPU
	EndGlobalSection
	GlobalSection(ProjectConfigurationPlatforms) = postSolution
		{385750A2-8EBC-44B0-9E0E-AA56B95C14FF}.Debug|Any CPU.ActiveCfg = Debug|Any CPU
		{385750A2-8EBC-44B0-9E0E-AA56B95C14FF}.Debug|Any CPU.Build.0 = Debug|Any CPU
		{385750A2-8EBC-44B0-9E0E-AA56B95C14FF}.Release|Any CPU.ActiveCfg = Release|Any CPU
		{385750A2-8EBC-44B0-9E0E-AA56B95C14FF}.Release|Any CPU.Build.0 = Release|Any CPU
	EndGlobalSection
	GlobalSection(SolutionProperties) = preSolution
		HideSolutionNode = FALSE
	EndGlobalSection
	GlobalSection(ExtensibilityGlobals) = postSolution
		SolutionGuid = {E16E9ACB-45BC-497F-896D-5CA6BEAEBB88}
	EndGlobalSection
EndGlobal
